
Microsoft Visual Studio Solution File, Format Version 12.00
# Visual Studio Version 17
VisualStudioVersion = 17.9.34714.143
MinimumVisualStudioVersion = 10.0.40219.1
Project("{FAE04EC0-301F-11D3-BF4B-00C04F79EFBC}") = "MCVatividade", "MCVatividade\MCVatividade.csproj", "{CE0269C2-C588-4039-8988-D9CC0F7390AB}"
EndProject
Global
	GlobalSection(SolutionConfigurationPlatforms) = preSolution
		Debug|Any CPU = Debug|Any CPU
		Release|Any CPU = Release|Any CPU
	EndGlobalSection
	GlobalSection(ProjectConfigurationPlatforms) = postSolution
		{CE0269C2-C588-4039-8988-D9CC0F7390AB}.Debug|Any CPU.ActiveCfg = Debug|Any CPU
		{CE0269C2-C588-4039-8988-D9CC0F7390AB}.Debug|Any CPU.Build.0 = Debug|Any CPU
		{CE0269C2-C588-4039-8988-D9CC0F7390AB}.Release|Any CPU.ActiveCfg = Release|Any CPU
		{CE0269C2-C588-4039-8988-D9CC0F7390AB}.Release|Any CPU.Build.0 = Release|Any CPU
	EndGlobalSection
	GlobalSection(SolutionProperties) = preSolution
		HideSolutionNode = FALSE
	EndGlobalSection
	GlobalSection(ExtensibilityGlobals) = postSolution
		SolutionGuid = {90783296-5390-4A4E-8CA8-65E875AC2449}
	EndGlobalSection
EndGlobal
